
Microsoft Visual Studio Solution File, Format Version 12.00
# Visual Studio Version 16
VisualStudioVersion = 25.0.1706.12
MinimumVisualStudioVersion = 10.0.40219.1
Project("{FAE04EC0-301F-11D3-BF4B-00C04F79EFBC}") = "TicketPriceCalculator", "TicketPriceCalculator\TicketPriceCalculator.csproj", "{27C5D054-BE82-40C5-AB06-040ECA96EF2D}"
EndProject
Global
	GlobalSection(SolutionConfigurationPlatforms) = preSolution
		Debug|Any CPU = Debug|Any CPU
		Release|Any CPU = Release|Any CPU
	EndGlobalSection
	GlobalSection(ProjectConfigurationPlatforms) = postSolution
		{27C5D054-BE82-40C5-AB06-040ECA96EF2D}.Debug|Any CPU.ActiveCfg = Debug|Any CPU
		{27C5D054-BE82-40C5-AB06-040ECA96EF2D}.Debug|Any CPU.Build.0 = Debug|Any CPU
		{27C5D054-BE82-40C5-AB06-040ECA96EF2D}.Release|Any CPU.ActiveCfg = Release|Any CPU
		{27C5D054-BE82-40C5-AB06-040ECA96EF2D}.Release|Any CPU.Build.0 = Release|Any CPU
	EndGlobalSection
	GlobalSection(SolutionProperties) = preSolution
		HideSolutionNode = FALSE
	EndGlobalSection
	GlobalSection(ExtensibilityGlobals) = postSolution
		SolutionGuid = {8980354F-F411-42A0-B0FA-D4FEE4DFD2DD}
	EndGlobalSection
EndGlobal
